
Microsoft Visual Studio Solution File, Format Version 12.00
# Visual Studio Version 16
VisualStudioVersion = 16.0.31410.357
MinimumVisualStudioVersion = 10.0.40219.1
Project("{2150E333-8FDC-42A3-9474-1A3956D46DE8}") = "Services", "Services", "{12848B2D-F651-4669-9A04-AC5B35FFD067}"
EndProject
Project("{2150E333-8FDC-42A3-9474-1A3956D46DE8}") = "Catalog", "Catalog", "{E5961AD9-AD10-4947-9193-C51C9AB8F45F}"
EndProject
Project("{9A19103F-16F7-4668-BE54-9A1E7A4F7556}") = "Catalog.API", "Services\Catalog\Catalog.API\Catalog.API.csproj", "{B6075851-27FD-4DEE-93F1-962FD53DDD5E}"
EndProject
Project("{E53339B2-1760-4266-BCC7-CA923CBCF16C}") = "docker-compose", "docker-compose.dcproj", "{67A712B9-8D4C-44BE-A2C0-D03ED017BA0F}"
EndProject
Project("{2150E333-8FDC-42A3-9474-1A3956D46DE8}") = "Basket", "Basket", "{6F60C2F0-3C9D-4FC4-8BFA-516064083572}"
EndProject
Project("{9A19103F-16F7-4668-BE54-9A1E7A4F7556}") = "Basket.API", "Services\Basket\Basket.API\Basket.API.csproj", "{DCBB8BD2-08DC-4606-8D86-1341CAD4B266}"
EndProject
Project("{2150E333-8FDC-42A3-9474-1A3956D46DE8}") = "Discount", "Discount", "{E1FA19EA-94E8-4FEC-ADFD-8931134C2E24}"
EndProject
Global
	GlobalSection(SolutionConfigurationPlatforms) = preSolution
		Debug|Any CPU = Debug|Any CPU
		Release|Any CPU = Release|Any CPU
	EndGlobalSection
	GlobalSection(ProjectConfigurationPlatforms) = postSolution
		{B6075851-27FD-4DEE-93F1-962FD53DDD5E}.Debug|Any CPU.ActiveCfg = Debug|Any CPU
		{B6075851-27FD-4DEE-93F1-962FD53DDD5E}.Debug|Any CPU.Build.0 = Debug|Any CPU
		{B6075851-27FD-4DEE-93F1-962FD53DDD5E}.Release|Any CPU.ActiveCfg = Release|Any CPU
		{B6075851-27FD-4DEE-93F1-962FD53DDD5E}.Release|Any CPU.Build.0 = Release|Any CPU
		{67A712B9-8D4C-44BE-A2C0-D03ED017BA0F}.Debug|Any CPU.ActiveCfg = Debug|Any CPU
		{67A712B9-8D4C-44BE-A2C0-D03ED017BA0F}.Debug|Any CPU.Build.0 = Debug|Any CPU
		{67A712B9-8D4C-44BE-A2C0-D03ED017BA0F}.Release|Any CPU.ActiveCfg = Release|Any CPU
		{67A712B9-8D4C-44BE-A2C0-D03ED017BA0F}.Release|Any CPU.Build.0 = Release|Any CPU
		{DCBB8BD2-08DC-4606-8D86-1341CAD4B266}.Debug|Any CPU.ActiveCfg = Debug|Any CPU
		{DCBB8BD2-08DC-4606-8D86-1341CAD4B266}.Debug|Any CPU.Build.0 = Debug|Any CPU
		{DCBB8BD2-08DC-4606-8D86-1341CAD4B266}.Release|Any CPU.ActiveCfg = Release|Any CPU
		{DCBB8BD2-08DC-4606-8D86-1341CAD4B266}.Release|Any CPU.Build.0 = Release|Any CPU
	EndGlobalSection
	GlobalSection(SolutionProperties) = preSolution
		HideSolutionNode = FALSE
	EndGlobalSection
	GlobalSection(NestedProjects) = preSolution
		{E5961AD9-AD10-4947-9193-C51C9AB8F45F} = {12848B2D-F651-4669-9A04-AC5B35FFD067}
		{B6075851-27FD-4DEE-93F1-962FD53DDD5E} = {E5961AD9-AD10-4947-9193-C51C9AB8F45F}
		{6F60C2F0-3C9D-4FC4-8BFA-516064083572} = {12848B2D-F651-4669-9A04-AC5B35FFD067}
		{DCBB8BD2-08DC-4606-8D86-1341CAD4B266} = {6F60C2F0-3C9D-4FC4-8BFA-516064083572}
		{E1FA19EA-94E8-4FEC-ADFD-8931134C2E24} = {12848B2D-F651-4669-9A04-AC5B35FFD067}
	EndGlobalSection
	GlobalSection(ExtensibilityGlobals) = postSolution
		SolutionGuid = {75E30788-4E5E-4502-B4D0-A480D02EE8E9}
	EndGlobalSection
EndGlobal
